
Microsoft Visual Studio Solution File, Format Version 12.00
# Visual Studio Version 17
VisualStudioVersion = 17.4.33110.190
MinimumVisualStudioVersion = 10.0.40219.1
Project("{FAE04EC0-301F-11D3-BF4B-00C04F79EFBC}") = "2DGameMonogame", "PacmanMonogame\2DGameMonogame.csproj", "{875904EE-9587-4A2F-B570-C2489C1A00AD}"
EndProject
Project("{2150E333-8FDC-42A3-9474-1A3956D46DE8}") = "Éléments de solution", "Éléments de solution", "{2C43203E-9A9A-4E8A-AD70-442A862942DB}"
	ProjectSection(SolutionItems) = preProject
		.gitignore = .gitignore
	EndProjectSection
EndProject
Global
	GlobalSection(SolutionConfigurationPlatforms) = preSolution
		Debug|Any CPU = Debug|Any CPU
		Release|Any CPU = Release|Any CPU
	EndGlobalSection
	GlobalSection(ProjectConfigurationPlatforms) = postSolution
		{875904EE-9587-4A2F-B570-C2489C1A00AD}.Debug|Any CPU.ActiveCfg = Debug|Any CPU
		{875904EE-9587-4A2F-B570-C2489C1A00AD}.Debug|Any CPU.Build.0 = Debug|Any CPU
		{875904EE-9587-4A2F-B570-C2489C1A00AD}.Release|Any CPU.ActiveCfg = Release|Any CPU
		{875904EE-9587-4A2F-B570-C2489C1A00AD}.Release|Any CPU.Build.0 = Release|Any CPU
	EndGlobalSection
	GlobalSection(SolutionProperties) = preSolution
		HideSolutionNode = FALSE
	EndGlobalSection
	GlobalSection(ExtensibilityGlobals) = postSolution
		SolutionGuid = {8C4F71FF-52CC-4479-AB79-69FBF90DD2EA}
	EndGlobalSection
EndGlobal
